
Microsoft Visual Studio Solution File, Format Version 12.00
# Visual Studio Version 17
VisualStudioVersion = 17.11.35208.52
MinimumVisualStudioVersion = 10.0.40219.1
Project("{FAE04EC0-301F-11D3-BF4B-00C04F79EFBC}") = "TestingArea", "TestingArea\TestingArea.csproj", "{22052AC5-1121-43EB-9D1A-5F1AF7F50227}"
EndProject
Global
	GlobalSection(SolutionConfigurationPlatforms) = preSolution
		Debug|Any CPU = Debug|Any CPU
		Release|Any CPU = Release|Any CPU
	EndGlobalSection
	GlobalSection(ProjectConfigurationPlatforms) = postSolution
		{22052AC5-1121-43EB-9D1A-5F1AF7F50227}.Debug|Any CPU.ActiveCfg = Debug|Any CPU
		{22052AC5-1121-43EB-9D1A-5F1AF7F50227}.Debug|Any CPU.Build.0 = Debug|Any CPU
		{22052AC5-1121-43EB-9D1A-5F1AF7F50227}.Release|Any CPU.ActiveCfg = Release|Any CPU
		{22052AC5-1121-43EB-9D1A-5F1AF7F50227}.Release|Any CPU.Build.0 = Release|Any CPU
	EndGlobalSection
	GlobalSection(SolutionProperties) = preSolution
		HideSolutionNode = FALSE
	EndGlobalSection
	GlobalSection(ExtensibilityGlobals) = postSolution
		SolutionGuid = {3FAEFED0-1152-441C-9262-5ABFEB4B9D9E}
	EndGlobalSection
EndGlobal
